
Microsoft Visual Studio Solution File, Format Version 12.00
# Visual Studio 2017
Project("{FAE04EC0-301F-11D3-BF4B-00C04F79EFBC}") = "Zombie tag", "Zombie tag.csproj", "{E5BB6D58-6514-9560-532B-94D431EA661C}"
EndProject
Project("{FAE04EC0-301F-11D3-BF4B-00C04F79EFBC}") = "Zombie tag.Editor", "Zombie tag.Editor.csproj", "{ADD91161-6BC7-1FFD-F04D-F84345730224}"
EndProject
Global
	GlobalSection(SolutionConfigurationPlatforms) = preSolution
		Debug|Any CPU = Debug|Any CPU
		Release|Any CPU = Release|Any CPU
	EndGlobalSection
	GlobalSection(ProjectConfigurationPlatforms) = postSolution
		{E5BB6D58-6514-9560-532B-94D431EA661C}.Debug|Any CPU.ActiveCfg = Debug|Any CPU
		{E5BB6D58-6514-9560-532B-94D431EA661C}.Debug|Any CPU.Build.0 = Debug|Any CPU
		{E5BB6D58-6514-9560-532B-94D431EA661C}.Release|Any CPU.ActiveCfg = Release|Any CPU
		{E5BB6D58-6514-9560-532B-94D431EA661C}.Release|Any CPU.Build.0 = Release|Any CPU
		{ADD91161-6BC7-1FFD-F04D-F84345730224}.Debug|Any CPU.ActiveCfg = Debug|Any CPU
		{ADD91161-6BC7-1FFD-F04D-F84345730224}.Debug|Any CPU.Build.0 = Debug|Any CPU
		{ADD91161-6BC7-1FFD-F04D-F84345730224}.Release|Any CPU.ActiveCfg = Release|Any CPU
		{ADD91161-6BC7-1FFD-F04D-F84345730224}.Release|Any CPU.Build.0 = Release|Any CPU
	EndGlobalSection
	GlobalSection(SolutionProperties) = preSolution
		HideSolutionNode = FALSE
	EndGlobalSection
EndGlobal
